// !$*UTF8*$!
{
	archiveVersion = 1;
	classes = {
	};
	objectVersion = 56;
	objects = {

/* Begin PBXBuildFile section */
		F971A90029884AEB004A835B /* Z5_AppPayApp.swift in Sources */ = {isa = PBXBuildFile; fileRef = F971A8FF29884AEB004A835B /* Z5_AppPayApp.swift */; };
		F971A90229884AEB004A835B /* ContentView.swift in Sources */ = {isa = PBXBuildFile; fileRef = F971A90129884AEB004A835B /* ContentView.swift */; };
		F971A90429884AEC004A835B /* Assets.xcassets in Resources */ = {isa = PBXBuildFile; fileRef = F971A90329884AEC004A835B /* Assets.xcassets */; };
		F971A90729884AEC004A835B /* Preview Assets.xcassets in Resources */ = {isa = PBXBuildFile; fileRef = F971A90629884AEC004A835B /* Preview Assets.xcassets */; };
		F971A90929884AEC004A835B /* Persistence.swift in Sources */ = {isa = PBXBuildFile; fileRef = F971A90829884AEC004A835B /* Persistence.swift */; };
		F971A90C29884AEC004A835B /* Z5_AppPay.xcdatamodeld in Sources */ = {isa = PBXBuildFile; fileRef = F971A90A29884AEC004A835B /* Z5_AppPay.xcdatamodeld */; };
		F971A91429884B78004A835B /* Stripe in Frameworks */ = {isa = PBXBuildFile; productRef = F971A91329884B78004A835B /* Stripe */; };
		F971A91629884B78004A835B /* StripeApplePay in Frameworks */ = {isa = PBXBuildFile; productRef = F971A91529884B78004A835B /* StripeApplePay */; };
		F971A91829884B78004A835B /* StripeCardScan in Frameworks */ = {isa = PBXBuildFile; productRef = F971A91729884B78004A835B /* StripeCardScan */; };
		F971A91A29884B78004A835B /* StripeFinancialConnections in Frameworks */ = {isa = PBXBuildFile; productRef = F971A91929884B78004A835B /* StripeFinancialConnections */; };
		F971A91C29884B78004A835B /* StripeIdentity in Frameworks */ = {isa = PBXBuildFile; productRef = F971A91B29884B78004A835B /* StripeIdentity */; };
		F971A91E29884B78004A835B /* StripePaymentSheet in Frameworks */ = {isa = PBXBuildFile; productRef = F971A91D29884B78004A835B /* StripePaymentSheet */; };
		F971A92029884B78004A835B /* StripePayments in Frameworks */ = {isa = PBXBuildFile; productRef = F971A91F29884B78004A835B /* StripePayments */; };
		F971A92229884B78004A835B /* StripePaymentsUI in Frameworks */ = {isa = PBXBuildFile; productRef = F971A92129884B78004A835B /* StripePaymentsUI */; };
		F971A92429886137004A835B /* Cart.swift in Sources */ = {isa = PBXBuildFile; fileRef = F971A92329886137004A835B /* Cart.swift */; };
		F971A9262988615A004A835B /* CheckoutView.swift in Sources */ = {isa = PBXBuildFile; fileRef = F971A9252988615A004A835B /* CheckoutView.swift */; };
		F971A92829886189004A835B /* Utils.swift in Sources */ = {isa = PBXBuildFile; fileRef = F971A92729886189004A835B /* Utils.swift */; };
		F971A92A298861A7004A835B /* Product.swift in Sources */ = {isa = PBXBuildFile; fileRef = F971A929298861A7004A835B /* Product.swift */; };
		F971A92C298861DD004A835B /* CheckoutIntentResponce.swift in Sources */ = {isa = PBXBuildFile; fileRef = F971A92B298861DD004A835B /* CheckoutIntentResponce.swift */; };
		F971A92E2988620A004A835B /* PaymentConfig.swift in Sources */ = {isa = PBXBuildFile; fileRef = F971A92D2988620A004A835B /* PaymentConfig.swift */; };
		F971A93029886232004A835B /* Confirmation.swift in Sources */ = {isa = PBXBuildFile; fileRef = F971A92F29886232004A835B /* Confirmation.swift */; };
		F971A93229886255004A835B /* PaymentGatewayController.swift in Sources */ = {isa = PBXBuildFile; fileRef = F971A93129886255004A835B /* PaymentGatewayController.swift */; };
/* End PBXBuildFile section */

/* Begin PBXFileReference section */
		F971A8FC29884AEB004A835B /* Z5 AppPay.app */ = {isa = PBXFileReference; explicitFileType = wrapper.application; includeInIndex = 0; path = "Z5 AppPay.app"; sourceTree = BUILT_PRODUCTS_DIR; };
		F971A8FF29884AEB004A835B /* Z5_AppPayApp.swift */ = {isa = PBXFileReference; lastKnownFileType = sourcecode.swift; path = Z5_AppPayApp.swift; sourceTree = "<group>"; };
		F971A90129884AEB004A835B /* ContentView.swift */ = {isa = PBXFileReference; lastKnownFileType = sourcecode.swift; path = ContentView.swift; sourceTree = "<group>"; };
		F971A90329884AEC004A835B /* Assets.xcassets */ = {isa = PBXFileReference; lastKnownFileType = folder.assetcatalog; path = Assets.xcassets; sourceTree = "<group>"; };
		F971A90629884AEC004A835B /* Preview Assets.xcassets */ = {isa = PBXFileReference; lastKnownFileType = folder.assetcatalog; path = "Preview Assets.xcassets"; sourceTree = "<group>"; };
		F971A90829884AEC004A835B /* Persistence.swift */ = {isa = PBXFileReference; lastKnownFileType = sourcecode.swift; path = Persistence.swift; sourceTree = "<group>"; };
		F971A90B29884AEC004A835B /* Z5_AppPay.xcdatamodel */ = {isa = PBXFileReference; lastKnownFileType = wrapper.xcdatamodel; path = Z5_AppPay.xcdatamodel; sourceTree = "<group>"; };
		F971A92329886137004A835B /* Cart.swift */ = {isa = PBXFileReference; lastKnownFileType = sourcecode.swift; path = Cart.swift; sourceTree = "<group>"; };
		F971A9252988615A004A835B /* CheckoutView.swift */ = {isa = PBXFileReference; lastKnownFileType = sourcecode.swift; path = CheckoutView.swift; sourceTree = "<group>"; };
		F971A92729886189004A835B /* Utils.swift */ = {isa = PBXFileReference; lastKnownFileType = sourcecode.swift; path = Utils.swift; sourceTree = "<group>"; };
		F971A929298861A7004A835B /* Product.swift */ = {isa = PBXFileReference; lastKnownFileType = sourcecode.swift; path = Product.swift; sourceTree = "<group>"; };
		F971A92B298861DD004A835B /* CheckoutIntentResponce.swift */ = {isa = PBXFileReference; lastKnownFileType = sourcecode.swift; path = CheckoutIntentResponce.swift; sourceTree = "<group>"; };
		F971A92D2988620A004A835B /* PaymentConfig.swift */ = {isa = PBXFileReference; lastKnownFileType = sourcecode.swift; path = PaymentConfig.swift; sourceTree = "<group>"; };
		F971A92F29886232004A835B /* Confirmation.swift */ = {isa = PBXFileReference; lastKnownFileType = sourcecode.swift; path = Confirmation.swift; sourceTree = "<group>"; };
		F971A93129886255004A835B /* PaymentGatewayController.swift */ = {isa = PBXFileReference; lastKnownFileType = sourcecode.swift; path = PaymentGatewayController.swift; sourceTree = "<group>"; };
/* End PBXFileReference section */

/* Begin PBXFrameworksBuildPhase section */
		F971A8F929884AEB004A835B /* Frameworks */ = {
			isa = PBXFrameworksBuildPhase;
			buildActionMask = 2147483647;
			files = (
				F971A91829884B78004A835B /* StripeCardScan in Frameworks */,
				F971A91A29884B78004A835B /* StripeFinancialConnections in Frameworks */,
				F971A91C29884B78004A835B /* StripeIdentity in Frameworks */,
				F971A91429884B78004A835B /* Stripe in Frameworks */,
				F971A91E29884B78004A835B /* StripePaymentSheet in Frameworks */,
				F971A92029884B78004A835B /* StripePayments in Frameworks */,
				F971A92229884B78004A835B /* StripePaymentsUI in Frameworks */,
				F971A91629884B78004A835B /* StripeApplePay in Frameworks */,
			);
			runOnlyForDeploymentPostprocessing = 0;
		};
/* End PBXFrameworksBuildPhase section */

/* Begin PBXGroup section */
		F971A8F329884AEB004A835B = {
			isa = PBXGroup;
			children = (
				F971A8FE29884AEB004A835B /* Z5 AppPay */,
				F971A8FD29884AEB004A835B /* Products */,
			);
			sourceTree = "<group>";
		};
		F971A8FD29884AEB004A835B /* Products */ = {
			isa = PBXGroup;
			children = (
				F971A8FC29884AEB004A835B /* Z5 AppPay.app */,
			);
			name = Products;
			sourceTree = "<group>";
		};
		F971A8FE29884AEB004A835B /* Z5 AppPay */ = {
			isa = PBXGroup;
			children = (
				F971A8FF29884AEB004A835B /* Z5_AppPayApp.swift */,
				F971A90129884AEB004A835B /* ContentView.swift */,
				F971A90329884AEC004A835B /* Assets.xcassets */,
				F971A90829884AEC004A835B /* Persistence.swift */,
				F971A90A29884AEC004A835B /* Z5_AppPay.xcdatamodeld */,
				F971A90529884AEC004A835B /* Preview Content */,
			);
			path = "Z5 AppPay";
			sourceTree = "<group>";
		};
		F971A90529884AEC004A835B /* Preview Content */ = {
			isa = PBXGroup;
			children = (
				F971A90629884AEC004A835B /* Preview Assets.xcassets */,
				F971A92329886137004A835B /* Cart.swift */,
				F971A9252988615A004A835B /* CheckoutView.swift */,
				F971A92729886189004A835B /* Utils.swift */,
				F971A929298861A7004A835B /* Product.swift */,
				F971A92B298861DD004A835B /* CheckoutIntentResponce.swift */,
				F971A92D2988620A004A835B /* PaymentConfig.swift */,
				F971A92F29886232004A835B /* Confirmation.swift */,
				F971A93129886255004A835B /* PaymentGatewayController.swift */,
			);
			path = "Preview Content";
			sourceTree = "<group>";
		};
/* End PBXGroup section */

/* Begin PBXNativeTarget section */
		F971A8FB29884AEB004A835B /* Z5 AppPay */ = {
			isa = PBXNativeTarget;
			buildConfigurationList = F971A90F29884AEC004A835B /* Build configuration list for PBXNativeTarget "Z5 AppPay" */;
			buildPhases = (
				F971A8F829884AEB004A835B /* Sources */,
				F971A8F929884AEB004A835B /* Frameworks */,
				F971A8FA29884AEB004A835B /* Resources */,
			);
			buildRules = (
			);
			dependencies = (
			);
			name = "Z5 AppPay";
			packageProductDependencies = (
				F971A91329884B78004A835B /* Stripe */,
				F971A91529884B78004A835B /* StripeApplePay */,
				F971A91729884B78004A835B /* StripeCardScan */,
				F971A91929884B78004A835B /* StripeFinancialConnections */,
				F971A91B29884B78004A835B /* StripeIdentity */,
				F971A91D29884B78004A835B /* StripePaymentSheet */,
				F971A91F29884B78004A835B /* StripePayments */,
				F971A92129884B78004A835B /* StripePaymentsUI */,
			);
			productName = "Z5 AppPay";
			productReference = F971A8FC29884AEB004A835B /* Z5 AppPay.app */;
			productType = "com.apple.product-type.application";
		};
/* End PBXNativeTarget section */

/* Begin PBXProject section */
		F971A8F429884AEB004A835B /* Project object */ = {
			isa = PBXProject;
			attributes = {
				BuildIndependentTargetsInParallel = 1;
				LastSwiftUpdateCheck = 1420;
				LastUpgradeCheck = 1420;
				TargetAttributes = {
					F971A8FB29884AEB004A835B = {
						CreatedOnToolsVersion = 14.2;
					};
				};
			};
			buildConfigurationList = F971A8F729884AEB004A835B /* Build configuration list for PBXProject "Z5 AppPay" */;
			compatibilityVersion = "Xcode 14.0";
			developmentRegion = en;
			hasScannedForEncodings = 0;
			knownRegions = (
				en,
				Base,
			);
			mainGroup = F971A8F329884AEB004A835B;
			packageReferences = (
				F971A91229884B78004A835B /* XCRemoteSwiftPackageReference "stripe-ios-spm" */,
			);
			productRefGroup = F971A8FD29884AEB004A835B /* Products */;
			projectDirPath = "";
			projectRoot = "";
			targets = (
				F971A8FB29884AEB004A835B /* Z5 AppPay */,
			);
		};
/* End PBXProject section */

/* Begin PBXResourcesBuildPhase section */
		F971A8FA29884AEB004A835B /* Resources */ = {
			isa = PBXResourcesBuildPhase;
			buildActionMask = 2147483647;
			files = (
				F971A90729884AEC004A835B /* Preview Assets.xcassets in Resources */,
				F971A90429884AEC004A835B /* Assets.xcassets in Resources */,
			);
			runOnlyForDeploymentPostprocessing = 0;
		};
/* End PBXResourcesBuildPhase section */

/* Begin PBXSourcesBuildPhase section */
		F971A8F829884AEB004A835B /* Sources */ = {
			isa = PBXSourcesBuildPhase;
			buildActionMask = 2147483647;
			files = (
				F971A92C298861DD004A835B /* CheckoutIntentResponce.swift in Sources */,
				F971A90929884AEC004A835B /* Persistence.swift in Sources */,
				F971A92A298861A7004A835B /* Product.swift in Sources */,
				F971A90229884AEB004A835B /* ContentView.swift in Sources */,
				F971A93029886232004A835B /* Confirmation.swift in Sources */,
				F971A9262988615A004A835B /* CheckoutView.swift in Sources */,
				F971A92829886189004A835B /* Utils.swift in Sources */,
				F971A92E2988620A004A835B /* PaymentConfig.swift in Sources */,
				F971A92429886137004A835B /* Cart.swift in Sources */,
				F971A93229886255004A835B /* PaymentGatewayController.swift in Sources */,
				F971A90029884AEB004A835B /* Z5_AppPayApp.swift in Sources */,
				F971A90C29884AEC004A835B /* Z5_AppPay.xcdatamodeld in Sources */,
			);
			runOnlyForDeploymentPostprocessing = 0;
		};
/* End PBXSourcesBuildPhase section */

/* Begin XCBuildConfiguration section */
		F971A90D29884AEC004A835B /* Debug */ = {
			isa = XCBuildConfiguration;
			buildSettings = {
				ALWAYS_SEARCH_USER_PATHS = NO;
				CLANG_ANALYZER_NONNULL = YES;
				CLANG_ANALYZER_NUMBER_OBJECT_CONVERSION = YES_AGGRESSIVE;
				CLANG_CXX_LANGUAGE_STANDARD = "gnu++20";
				CLANG_ENABLE_MODULES = YES;
				CLANG_ENABLE_OBJC_ARC = YES;
				CLANG_ENABLE_OBJC_WEAK = YES;
				CLANG_WARN_BLOCK_CAPTURE_AUTORELEASING = YES;
				CLANG_WARN_BOOL_CONVERSION = YES;
				CLANG_WARN_COMMA = YES;
				CLANG_WARN_CONSTANT_CONVERSION = YES;
				CLANG_WARN_DEPRECATED_OBJC_IMPLEMENTATIONS = YES;
				CLANG_WARN_DIRECT_OBJC_ISA_USAGE = YES_ERROR;
				CLANG_WARN_DOCUMENTATION_COMMENTS = YES;
				CLANG_WARN_EMPTY_BODY = YES;
				CLANG_WARN_ENUM_CONVERSION = YES;
				CLANG_WARN_INFINITE_RECURSION = YES;
				CLANG_WARN_INT_CONVERSION = YES;
				CLANG_WARN_NON_LITERAL_NULL_CONVERSION = YES;
				CLANG_WARN_OBJC_IMPLICIT_RETAIN_SELF = YES;
				CLANG_WARN_OBJC_LITERAL_CONVERSION = YES;
				CLANG_WARN_OBJC_ROOT_CLASS = YES_ERROR;
				CLANG_WARN_QUOTED_INCLUDE_IN_FRAMEWORK_HEADER = YES;
				CLANG_WARN_RANGE_LOOP_ANALYSIS = YES;
				CLANG_WARN_STRICT_PROTOTYPES = YES;
				CLANG_WARN_SUSPICIOUS_MOVE = YES;
				CLANG_WARN_UNGUARDED_AVAILABILITY = YES_AGGRESSIVE;
				CLANG_WARN_UNREACHABLE_CODE = YES;
				CLANG_WARN__DUPLICATE_METHOD_MATCH = YES;
				COPY_PHASE_STRIP = NO;
				DEBUG_INFORMATION_FORMAT = dwarf;
				ENABLE_STRICT_OBJC_MSGSEND = YES;
				ENABLE_TESTABILITY = YES;
				GCC_C_LANGUAGE_STANDARD = gnu11;
				GCC_DYNAMIC_NO_PIC = NO;
				GCC_NO_COMMON_BLOCKS = YES;
				GCC_OPTIMIZATION_LEVEL = 0;
				GCC_PREPROCESSOR_DEFINITIONS = (
					"DEBUG=1",
					"$(inherited)",
				);
				GCC_WARN_64_TO_32_BIT_CONVERSION = YES;
				GCC_WARN_ABOUT_RETURN_TYPE = YES_ERROR;
				GCC_WARN_UNDECLARED_SELECTOR = YES;
				GCC_WARN_UNINITIALIZED_AUTOS = YES_AGGRESSIVE;
				GCC_WARN_UNUSED_FUNCTION = YES;
				GCC_WARN_UNUSED_VARIABLE = YES;
				IPHONEOS_DEPLOYMENT_TARGET = 16.2;
				MTL_ENABLE_DEBUG_INFO = INCLUDE_SOURCE;
				MTL_FAST_MATH = YES;
				ONLY_ACTIVE_ARCH = YES;
				SDKROOT = iphoneos;
				SWIFT_ACTIVE_COMPILATION_CONDITIONS = DEBUG;
				SWIFT_OPTIMIZATION_LEVEL = "-Onone";
			};
			name = Debug;
		};
		F971A90E29884AEC004A835B /* Release */ = {
			isa = XCBuildConfiguration;
			buildSettings = {
				ALWAYS_SEARCH_USER_PATHS = NO;
				CLANG_ANALYZER_NONNULL = YES;
				CLANG_ANALYZER_NUMBER_OBJECT_CONVERSION = YES_AGGRESSIVE;
				CLANG_CXX_LANGUAGE_STANDARD = "gnu++20";
				CLANG_ENABLE_MODULES = YES;
				CLANG_ENABLE_OBJC_ARC = YES;
				CLANG_ENABLE_OBJC_WEAK = YES;
				CLANG_WARN_BLOCK_CAPTURE_AUTORELEASING = YES;
				CLANG_WARN_BOOL_CONVERSION = YES;
				CLANG_WARN_COMMA = YES;
				CLANG_WARN_CONSTANT_CONVERSION = YES;
				CLANG_WARN_DEPRECATED_OBJC_IMPLEMENTATIONS = YES;
				CLANG_WARN_DIRECT_OBJC_ISA_USAGE = YES_ERROR;
				CLANG_WARN_DOCUMENTATION_COMMENTS = YES;
				CLANG_WARN_EMPTY_BODY = YES;
				CLANG_WARN_ENUM_CONVERSION = YES;
				CLANG_WARN_INFINITE_RECURSION = YES;
				CLANG_WARN_INT_CONVERSION = YES;
				CLANG_WARN_NON_LITERAL_NULL_CONVERSION = YES;
				CLANG_WARN_OBJC_IMPLICIT_RETAIN_SELF = YES;
				CLANG_WARN_OBJC_LITERAL_CONVERSION = YES;
				CLANG_WARN_OBJC_ROOT_CLASS = YES_ERROR;
				CLANG_WARN_QUOTED_INCLUDE_IN_FRAMEWORK_HEADER = YES;
				CLANG_WARN_RANGE_LOOP_ANALYSIS = YES;
				CLANG_WARN_STRICT_PROTOTYPES = YES;
				CLANG_WARN_SUSPICIOUS_MOVE = YES;
				CLANG_WARN_UNGUARDED_AVAILABILITY = YES_AGGRESSIVE;
				CLANG_WARN_UNREACHABLE_CODE = YES;
				CLANG_WARN__DUPLICATE_METHOD_MATCH = YES;
				COPY_PHASE_STRIP = NO;
				DEBUG_INFORMATION_FORMAT = "dwarf-with-dsym";
				ENABLE_NS_ASSERTIONS = NO;
				ENABLE_STRICT_OBJC_MSGSEND = YES;
				GCC_C_LANGUAGE_STANDARD = gnu11;
				GCC_NO_COMMON_BLOCKS = YES;
				GCC_WARN_64_TO_32_BIT_CONVERSION = YES;
				GCC_WARN_ABOUT_RETURN_TYPE = YES_ERROR;
				GCC_WARN_UNDECLARED_SELECTOR = YES;
				GCC_WARN_UNINITIALIZED_AUTOS = YES_AGGRESSIVE;
				GCC_WARN_UNUSED_FUNCTION = YES;
				GCC_WARN_UNUSED_VARIABLE = YES;
				IPHONEOS_DEPLOYMENT_TARGET = 16.2;
				MTL_ENABLE_DEBUG_INFO = NO;
				MTL_FAST_MATH = YES;
				SDKROOT = iphoneos;
				SWIFT_COMPILATION_MODE = wholemodule;
				SWIFT_OPTIMIZATION_LEVEL = "-O";
				VALIDATE_PRODUCT = YES;
			};
			name = Release;
		};
		F971A91029884AEC004A835B /* Debug */ = {
			isa = XCBuildConfiguration;
			buildSettings = {
				ASSETCATALOG_COMPILER_APPICON_NAME = AppIcon;
				ASSETCATALOG_COMPILER_GLOBAL_ACCENT_COLOR_NAME = AccentColor;
				CODE_SIGN_STYLE = Automatic;
				CURRENT_PROJECT_VERSION = 1;
				DEVELOPMENT_ASSET_PATHS = "\"Z5 AppPay/Preview Content\"";
				ENABLE_PREVIEWS = YES;
				GENERATE_INFOPLIST_FILE = YES;
				INFOPLIST_KEY_UIApplicationSceneManifest_Generation = YES;
				INFOPLIST_KEY_UIApplicationSupportsIndirectInputEvents = YES;
				INFOPLIST_KEY_UILaunchScreen_Generation = YES;
				INFOPLIST_KEY_UISupportedInterfaceOrientations_iPad = "UIInterfaceOrientationPortrait UIInterfaceOrientationPortraitUpsideDown UIInterfaceOrientationLandscapeLeft UIInterfaceOrientationLandscapeRight";
				INFOPLIST_KEY_UISupportedInterfaceOrientations_iPhone = "UIInterfaceOrientationPortrait UIInterfaceOrientationLandscapeLeft UIInterfaceOrientationLandscapeRight";
				LD_RUNPATH_SEARCH_PATHS = (
					"$(inherited)",
					"@executable_path/Frameworks",
				);
				MARKETING_VERSION = 1.0;
				PRODUCT_BUNDLE_IDENTIFIER = "uj.Z5-AppPay";
				PRODUCT_NAME = "$(TARGET_NAME)";
				SWIFT_EMIT_LOC_STRINGS = YES;
				SWIFT_VERSION = 5.0;
				TARGETED_DEVICE_FAMILY = "1,2";
			};
			name = Debug;
		};
		F971A91129884AEC004A835B /* Release */ = {
			isa = XCBuildConfiguration;
			buildSettings = {
				ASSETCATALOG_COMPILER_APPICON_NAME = AppIcon;
				ASSETCATALOG_COMPILER_GLOBAL_ACCENT_COLOR_NAME = AccentColor;
				CODE_SIGN_STYLE = Automatic;
				CURRENT_PROJECT_VERSION = 1;
				DEVELOPMENT_ASSET_PATHS = "\"Z5 AppPay/Preview Content\"";
				ENABLE_PREVIEWS = YES;
				GENERATE_INFOPLIST_FILE = YES;
				INFOPLIST_KEY_UIApplicationSceneManifest_Generation = YES;
				INFOPLIST_KEY_UIApplicationSupportsIndirectInputEvents = YES;
				INFOPLIST_KEY_UILaunchScreen_Generation = YES;
				INFOPLIST_KEY_UISupportedInterfaceOrientations_iPad = "UIInterfaceOrientationPortrait UIInterfaceOrientationPortraitUpsideDown UIInterfaceOrientationLandscapeLeft UIInterfaceOrientationLandscapeRight";
				INFOPLIST_KEY_UISupportedInterfaceOrientations_iPhone = "UIInterfaceOrientationPortrait UIInterfaceOrientationLandscapeLeft UIInterfaceOrientationLandscapeRight";
				LD_RUNPATH_SEARCH_PATHS = (
					"$(inherited)",
					"@executable_path/Frameworks",
				);
				MARKETING_VERSION = 1.0;
				PRODUCT_BUNDLE_IDENTIFIER = "uj.Z5-AppPay";
				PRODUCT_NAME = "$(TARGET_NAME)";
				SWIFT_EMIT_LOC_STRINGS = YES;
				SWIFT_VERSION = 5.0;
				TARGETED_DEVICE_FAMILY = "1,2";
			};
			name = Release;
		};
/* End XCBuildConfiguration section */

/* Begin XCConfigurationList section */
		F971A8F729884AEB004A835B /* Build configuration list for PBXProject "Z5 AppPay" */ = {
			isa = XCConfigurationList;
			buildConfigurations = (
				F971A90D29884AEC004A835B /* Debug */,
				F971A90E29884AEC004A835B /* Release */,
			);
			defaultConfigurationIsVisible = 0;
			defaultConfigurationName = Release;
		};
		F971A90F29884AEC004A835B /* Build configuration list for PBXNativeTarget "Z5 AppPay" */ = {
			isa = XCConfigurationList;
			buildConfigurations = (
				F971A91029884AEC004A835B /* Debug */,
				F971A91129884AEC004A835B /* Release */,
			);
			defaultConfigurationIsVisible = 0;
			defaultConfigurationName = Release;
		};
/* End XCConfigurationList section */

/* Begin XCRemoteSwiftPackageReference section */
		F971A91229884B78004A835B /* XCRemoteSwiftPackageReference "stripe-ios-spm" */ = {
			isa = XCRemoteSwiftPackageReference;
			repositoryURL = "https://github.com/stripe/stripe-ios-spm";
			requirement = {
				kind = upToNextMajorVersion;
				minimumVersion = 23.0.0;
			};
		};
/* End XCRemoteSwiftPackageReference section */

/* Begin XCSwiftPackageProductDependency section */
		F971A91329884B78004A835B /* Stripe */ = {
			isa = XCSwiftPackageProductDependency;
			package = F971A91229884B78004A835B /* XCRemoteSwiftPackageReference "stripe-ios-spm" */;
			productName = Stripe;
		};
		F971A91529884B78004A835B /* StripeApplePay */ = {
			isa = XCSwiftPackageProductDependency;
			package = F971A91229884B78004A835B /* XCRemoteSwiftPackageReference "stripe-ios-spm" */;
			productName = StripeApplePay;
		};
		F971A91729884B78004A835B /* StripeCardScan */ = {
			isa = XCSwiftPackageProductDependency;
			package = F971A91229884B78004A835B /* XCRemoteSwiftPackageReference "stripe-ios-spm" */;
			productName = StripeCardScan;
		};
		F971A91929884B78004A835B /* StripeFinancialConnections */ = {
			isa = XCSwiftPackageProductDependency;
			package = F971A91229884B78004A835B /* XCRemoteSwiftPackageReference "stripe-ios-spm" */;
			productName = StripeFinancialConnections;
		};
		F971A91B29884B78004A835B /* StripeIdentity */ = {
			isa = XCSwiftPackageProductDependency;
			package = F971A91229884B78004A835B /* XCRemoteSwiftPackageReference "stripe-ios-spm" */;
			productName = StripeIdentity;
		};
		F971A91D29884B78004A835B /* StripePaymentSheet */ = {
			isa = XCSwiftPackageProductDependency;
			package = F971A91229884B78004A835B /* XCRemoteSwiftPackageReference "stripe-ios-spm" */;
			productName = StripePaymentSheet;
		};
		F971A91F29884B78004A835B /* StripePayments */ = {
			isa = XCSwiftPackageProductDependency;
			package = F971A91229884B78004A835B /* XCRemoteSwiftPackageReference "stripe-ios-spm" */;
			productName = StripePayments;
		};
		F971A92129884B78004A835B /* StripePaymentsUI */ = {
			isa = XCSwiftPackageProductDependency;
			package = F971A91229884B78004A835B /* XCRemoteSwiftPackageReference "stripe-ios-spm" */;
			productName = StripePaymentsUI;
		};
/* End XCSwiftPackageProductDependency section */

/* Begin XCVersionGroup section */
		F971A90A29884AEC004A835B /* Z5_AppPay.xcdatamodeld */ = {
			isa = XCVersionGroup;
			children = (
				F971A90B29884AEC004A835B /* Z5_AppPay.xcdatamodel */,
			);
			currentVersion = F971A90B29884AEC004A835B /* Z5_AppPay.xcdatamodel */;
			path = Z5_AppPay.xcdatamodeld;
			sourceTree = "<group>";
			versionGroupType = wrapper.xcdatamodel;
		};
/* End XCVersionGroup section */
	};
	rootObject = F971A8F429884AEB004A835B /* Project object */;
}
